
Microsoft Visual Studio Solution File, Format Version 12.00
Project("{2150E333-8FDC-42A3-9474-1A3956D46DE8}") = "src", "src", "{6B6F031D-74BD-4D69-8930-9BD2F224344A}"
EndProject
Project("{2150E333-8FDC-42A3-9474-1A3956D46DE8}") = "2023", "2023", "{F5B0CA69-9968-45EF-AB7D-ACF8175D4160}"
EndProject
Project("{2150E333-8FDC-42A3-9474-1A3956D46DE8}") = "01", "01", "{2377FD88-2463-428C-ABA9-9A31F775161F}"
EndProject
Project("{2150E333-8FDC-42A3-9474-1A3956D46DE8}") = "2022", "2022", "{E24C6433-D0BD-4D5D-AACA-47FFEA177B08}"
EndProject
Project("{2150E333-8FDC-42A3-9474-1A3956D46DE8}") = "01", "01", "{A09C8FD8-74FE-4B86-A954-02E25D19F28D}"
EndProject
Project("{FAE04EC0-301F-11D3-BF4B-00C04F79EFBC}") = "CalorieCounting", "src\2022\01\CalorieCounting\CalorieCounting.csproj", "{711F6B79-A3FB-492A-BC4A-0CA3B3635643}"
EndProject
Project("{2150E333-8FDC-42A3-9474-1A3956D46DE8}") = "2024", "2024", "{9B51F3A3-6479-49A0-98D9-0577B8C4498A}"
EndProject
Project("{2150E333-8FDC-42A3-9474-1A3956D46DE8}") = "01", "01", "{17CCA425-FEE8-4F29-B50E-51209F806AF0}"
EndProject
Project("{FAE04EC0-301F-11D3-BF4B-00C04F79EFBC}") = "HistorianHysteria", "src\2024\01\HistorianHysteria\HistorianHysteria.csproj", "{305FBE83-4063-4CFF-AA70-782112506F61}"
EndProject
Global
	GlobalSection(SolutionConfigurationPlatforms) = preSolution
		Debug|Any CPU = Debug|Any CPU
		Release|Any CPU = Release|Any CPU
	EndGlobalSection
	GlobalSection(NestedProjects) = preSolution
		{F5B0CA69-9968-45EF-AB7D-ACF8175D4160} = {6B6F031D-74BD-4D69-8930-9BD2F224344A}
		{2377FD88-2463-428C-ABA9-9A31F775161F} = {F5B0CA69-9968-45EF-AB7D-ACF8175D4160}
		{E24C6433-D0BD-4D5D-AACA-47FFEA177B08} = {6B6F031D-74BD-4D69-8930-9BD2F224344A}
		{A09C8FD8-74FE-4B86-A954-02E25D19F28D} = {E24C6433-D0BD-4D5D-AACA-47FFEA177B08}
		{711F6B79-A3FB-492A-BC4A-0CA3B3635643} = {A09C8FD8-74FE-4B86-A954-02E25D19F28D}
		{9B51F3A3-6479-49A0-98D9-0577B8C4498A} = {6B6F031D-74BD-4D69-8930-9BD2F224344A}
		{17CCA425-FEE8-4F29-B50E-51209F806AF0} = {9B51F3A3-6479-49A0-98D9-0577B8C4498A}
		{305FBE83-4063-4CFF-AA70-782112506F61} = {17CCA425-FEE8-4F29-B50E-51209F806AF0}
	EndGlobalSection
	GlobalSection(ProjectConfigurationPlatforms) = postSolution
		{711F6B79-A3FB-492A-BC4A-0CA3B3635643}.Debug|Any CPU.ActiveCfg = Debug|Any CPU
		{711F6B79-A3FB-492A-BC4A-0CA3B3635643}.Debug|Any CPU.Build.0 = Debug|Any CPU
		{711F6B79-A3FB-492A-BC4A-0CA3B3635643}.Release|Any CPU.ActiveCfg = Release|Any CPU
		{711F6B79-A3FB-492A-BC4A-0CA3B3635643}.Release|Any CPU.Build.0 = Release|Any CPU
		{305FBE83-4063-4CFF-AA70-782112506F61}.Debug|Any CPU.ActiveCfg = Debug|Any CPU
		{305FBE83-4063-4CFF-AA70-782112506F61}.Debug|Any CPU.Build.0 = Debug|Any CPU
		{305FBE83-4063-4CFF-AA70-782112506F61}.Release|Any CPU.ActiveCfg = Release|Any CPU
		{305FBE83-4063-4CFF-AA70-782112506F61}.Release|Any CPU.Build.0 = Release|Any CPU
	EndGlobalSection
EndGlobal
